{
  "nodes": {
    "flake-compat": {
      "flake": false,
      "locked": {
        "lastModified": 1606424373,
        "narHash": "sha256-oq8d4//CJOrVj+EcOaSXvMebvuTkmBJuT5tzlfewUnQ=",
        "owner": "edolstra",
        "repo": "flake-compat",
        "rev": "99f1c2157fba4bfe6211a321fd0ee43199025dbf",
        "type": "github"
      },
      "original": {
        "owner": "edolstra",
        "repo": "flake-compat",
        "type": "github"
      }
    },
    "flake-utils": {
      "locked": {
        "lastModified": 1614513358,
        "narHash": "sha256-LakhOx3S1dRjnh0b5Dg3mbZyH0ToC9I8Y2wKSkBaTzU=",
        "owner": "numtide",
        "repo": "flake-utils",
        "rev": "5466c5bbece17adaab2d82fae80b46e807611bf3",
        "type": "github"
      },
      "original": {
        "owner": "numtide",
        "repo": "flake-utils",
        "type": "github"
      }
    },
    "flake-utils_2": {
      "locked": {
        "lastModified": 1620759905,
        "narHash": "sha256-WiyWawrgmyN0EdmiHyG2V+fqReiVi8bM9cRdMaKQOFg=",
        "owner": "numtide",
        "repo": "flake-utils",
        "rev": "b543720b25df6ffdfcf9227afafc5b8c1fabfae8",
        "type": "github"
      },
      "original": {
        "owner": "numtide",
        "repo": "flake-utils",
        "type": "github"
      }
    },
    "flake-utils_3": {
      "locked": {
        "lastModified": 1623875721,
        "narHash": "sha256-A8BU7bjS5GirpAUv4QA+QnJ4CceLHkcXdRp4xITDB0s=",
        "owner": "numtide",
        "repo": "flake-utils",
        "rev": "f7e004a55b120c02ecb6219596820fcd32ca8772",
        "type": "github"
      },
      "original": {
        "owner": "numtide",
        "repo": "flake-utils",
        "type": "github"
      }
    },
    "my-very-cool-background": {
      "inputs": {
        "flake-utils": "flake-utils",
        "nixpkgs": [
          "nixpkgs"
        ]
      },
      "locked": {
        "dir": "my-very-cool-background",
        "lastModified": 1626152837,
        "narHash": "sha256-L0rnHrHqA8Ddmkp55tDtClnepvs/2sy7M6jtTgBwx7M=",
        "owner": "NKJe",
        "repo": "nixscopy",
        "rev": "1a60d15d5bb2edc8ea99732c59c81a7dd9d25ecd",
        "type": "github"
      },
      "original": {
        "dir": "my-very-cool-background",
        "owner": "NKJe",
        "repo": "nixscopy",
        "type": "github"
      }
    },
    "nixpkgs": {
      "locked": {
        "lastModified": 1626030932,
        "narHash": "sha256-dj3TH54RSIWG+NECJJQnFG21wsMj7M/F1vloQWt/i1o=",
        "owner": "NixOS",
        "repo": "nixpkgs",
        "rev": "14df81c809e950da1c7356984abf0ff367a94136",
        "type": "github"
      },
      "original": {
        "owner": "NixOS",
        "ref": "nixpkgs-unstable",
        "repo": "nixpkgs",
        "type": "github"
      }
    },
    "root": {
      "inputs": {
        "flake-compat": "flake-compat",
        "my-very-cool-background": "my-very-cool-background",
        "nixpkgs": "nixpkgs",
        "sddm-sugar-candy": "sddm-sugar-candy",
        "zsh-autocomplete": "zsh-autocomplete"
      }
    },
    "sddm-sugar-candy": {
      "inputs": {
        "flake-utils": "flake-utils_2",
        "nixpkgs": [
          "nixpkgs"
        ],
        "sddm-sugar-candy-src": "sddm-sugar-candy-src"
      },
      "locked": {
        "dir": "sddm-sugar-candy",
        "lastModified": 1626152837,
        "narHash": "sha256-L0rnHrHqA8Ddmkp55tDtClnepvs/2sy7M6jtTgBwx7M=",
        "owner": "NKJe",
        "repo": "nixscopy",
        "rev": "1a60d15d5bb2edc8ea99732c59c81a7dd9d25ecd",
        "type": "github"
      },
      "original": {
        "dir": "sddm-sugar-candy",
        "owner": "NKJe",
        "repo": "nixscopy",
        "type": "github"
      }
    },
    "sddm-sugar-candy-src": {
      "flake": false,
      "locked": {
        "lastModified": 1580585463,
        "narHash": "sha256-XggFVsEXLYklrfy1ElkIp9fkTw4wvXbyVkaVCZq4ZLU=",
        "ref": "master",
        "rev": "2b72ef6c6f720fe0ffde5ea5c7c48152e02f6c4f",
        "revCount": 53,
        "type": "git",
        "url": "https://framagit.org/MarianArlt/sddm-sugar-candy.git"
      },
      "original": {
        "type": "git",
        "url": "https://framagit.org/MarianArlt/sddm-sugar-candy.git"
      }
    },
    "zsh-autocomplete": {
      "inputs": {
        "flake-utils": "flake-utils_3",
        "nixpkgs": [
          "nixpkgs"
        ],
        "zsh-autocomplete-src": "zsh-autocomplete-src"
      },
      "locked": {
        "dir": "zsh-autocomplete",
        "lastModified": 1626152837,
        "narHash": "sha256-L0rnHrHqA8Ddmkp55tDtClnepvs/2sy7M6jtTgBwx7M=",
        "owner": "NKJe",
        "repo": "nixscopy",
        "rev": "1a60d15d5bb2edc8ea99732c59c81a7dd9d25ecd",
        "type": "github"
      },
      "original": {
        "dir": "zsh-autocomplete",
        "owner": "NKJe",
        "repo": "nixscopy",
        "type": "github"
      }
    },
    "zsh-autocomplete-src": {
      "flake": false,
      "locked": {
        "lastModified": 1625398188,
        "narHash": "sha256-SknYSG19Q2OviFkksagIGEDRFYPMwv/EpDHv8MoEdLw=",
        "owner": "marlonrichert",
        "repo": "zsh-autocomplete",
        "rev": "b164ae7bc70978131c2515bca4cb3bcaf3f95dbc",
        "type": "github"
      },
      "original": {
        "owner": "marlonrichert",
        "repo": "zsh-autocomplete",
        "type": "github"
      }
    }
  },
  "root": "root",
  "version": 7
}
