{
  "nodes": {
    "flake-compat": {
      "flake": false,
      "locked": {
        "lastModified": 1606424373,
        "narHash": "sha256-oq8d4//CJOrVj+EcOaSXvMebvuTkmBJuT5tzlfewUnQ=",
        "owner": "edolstra",
        "repo": "flake-compat",
        "rev": "99f1c2157fba4bfe6211a321fd0ee43199025dbf",
        "type": "github"
      },
      "original": {
        "owner": "edolstra",
        "repo": "flake-compat",
        "type": "github"
      }
    },
    "flake-utils": {
      "locked": {
        "lastModified": 1605370193,
        "narHash": "sha256-YyMTf3URDL/otKdKgtoMChu4vfVL3vCMkRqpGifhUn0=",
        "owner": "numtide",
        "repo": "flake-utils",
        "rev": "5021eac20303a61fafe17224c087f5519baed54d",
        "type": "github"
      },
      "original": {
        "owner": "numtide",
        "repo": "flake-utils",
        "type": "github"
      }
    },
    "flake-utils_2": {
      "locked": {
        "lastModified": 1614513358,
        "narHash": "sha256-LakhOx3S1dRjnh0b5Dg3mbZyH0ToC9I8Y2wKSkBaTzU=",
        "owner": "numtide",
        "repo": "flake-utils",
        "rev": "5466c5bbece17adaab2d82fae80b46e807611bf3",
        "type": "github"
      },
      "original": {
        "owner": "numtide",
        "repo": "flake-utils",
        "type": "github"
      }
    },
    "flake-utils_3": {
      "locked": {
        "lastModified": 1614513358,
        "narHash": "sha256-LakhOx3S1dRjnh0b5Dg3mbZyH0ToC9I8Y2wKSkBaTzU=",
        "owner": "numtide",
        "repo": "flake-utils",
        "rev": "5466c5bbece17adaab2d82fae80b46e807611bf3",
        "type": "github"
      },
      "original": {
        "owner": "numtide",
        "repo": "flake-utils",
        "type": "github"
      }
    },
    "my-very-cool-background": {
      "inputs": {
        "flake-utils": "flake-utils",
        "nixpkgs": "nixpkgs"
      },
      "locked": {
        "dir": "my-very-cool-background",
        "lastModified": 1617064317,
        "narHash": "sha256-xx/+AsVwgajvvdZV/Nj00Rtr2sbHZ9yrLt/Yv0HhGEs=",
        "owner": "NKJe",
        "repo": "nixscopy",
        "rev": "f3b1fc1a7732f0a34c2a1baa7c26ff939bbd36ce",
        "type": "github"
      },
      "original": {
        "dir": "my-very-cool-background",
        "owner": "NKJe",
        "repo": "nixscopy",
        "type": "github"
      }
    },
    "nixpkgs": {
      "locked": {
        "lastModified": 1608156341,
        "narHash": "sha256-xci6kOlF37sxE7BAhNEUnJq3C1yLMLPFVBHyRQiT/Jk=",
        "owner": "NixOS",
        "repo": "nixpkgs",
        "rev": "120a14e6aa32114ce561c4f051fa7438d4ed7bd9",
        "type": "github"
      },
      "original": {
        "id": "nixpkgs",
        "type": "indirect"
      }
    },
    "nixpkgs_2": {
      "locked": {
        "lastModified": 1617063239,
        "narHash": "sha256-OQancnNH1IOd4e45i8yE1B3Y0uKjeBQSBRaX+aHqCBM=",
        "owner": "NixOS",
        "repo": "nixpkgs",
        "rev": "b044cc3833b228eacbe4e64299856aa37893168e",
        "type": "github"
      },
      "original": {
        "id": "nixpkgs",
        "type": "indirect"
      }
    },
    "nixpkgs_3": {
      "locked": {
        "lastModified": 1617063239,
        "narHash": "sha256-OQancnNH1IOd4e45i8yE1B3Y0uKjeBQSBRaX+aHqCBM=",
        "owner": "NixOS",
        "repo": "nixpkgs",
        "rev": "b044cc3833b228eacbe4e64299856aa37893168e",
        "type": "github"
      },
      "original": {
        "id": "nixpkgs",
        "type": "indirect"
      }
    },
    "nixpkgs_4": {
      "locked": {
        "lastModified": 1617063239,
        "narHash": "sha256-OQancnNH1IOd4e45i8yE1B3Y0uKjeBQSBRaX+aHqCBM=",
        "owner": "NixOS",
        "repo": "nixpkgs",
        "rev": "b044cc3833b228eacbe4e64299856aa37893168e",
        "type": "github"
      },
      "original": {
        "id": "nixpkgs",
        "type": "indirect"
      }
    },
    "root": {
      "inputs": {
        "flake-compat": "flake-compat",
        "my-very-cool-background": "my-very-cool-background",
        "nixpkgs": "nixpkgs_2",
        "sddm-sugar-candy": "sddm-sugar-candy",
        "zsh-autocomplete": "zsh-autocomplete"
      }
    },
    "sddm-sugar-candy": {
      "inputs": {
        "flake-utils": "flake-utils_2",
        "nixpkgs": "nixpkgs_3",
        "sddm-sugar-candy-src": "sddm-sugar-candy-src"
      },
      "locked": {
        "dir": "sddm-sugar-candy",
        "lastModified": 1617064317,
        "narHash": "sha256-xx/+AsVwgajvvdZV/Nj00Rtr2sbHZ9yrLt/Yv0HhGEs=",
        "owner": "NKJe",
        "repo": "nixscopy",
        "rev": "f3b1fc1a7732f0a34c2a1baa7c26ff939bbd36ce",
        "type": "github"
      },
      "original": {
        "dir": "sddm-sugar-candy",
        "owner": "NKJe",
        "repo": "nixscopy",
        "type": "github"
      }
    },
    "sddm-sugar-candy-src": {
      "flake": false,
      "locked": {
        "narHash": "sha256-XggFVsEXLYklrfy1ElkIp9fkTw4wvXbyVkaVCZq4ZLU=",
        "type": "tarball",
        "url": "https://framagit.org/MarianArlt/sddm-sugar-candy/-/archive/2b72ef6c6f720fe0ffde5ea5c7c48152e02f6c4f/sddm-sugar-candy-2b72ef6c6f720fe0ffde5ea5c7c48152e02f6c4f.tar.gz"
      },
      "original": {
        "type": "tarball",
        "url": "https://framagit.org/MarianArlt/sddm-sugar-candy/-/archive/2b72ef6c6f720fe0ffde5ea5c7c48152e02f6c4f/sddm-sugar-candy-2b72ef6c6f720fe0ffde5ea5c7c48152e02f6c4f.tar.gz"
      }
    },
    "zsh-autocomplete": {
      "inputs": {
        "flake-utils": "flake-utils_3",
        "nixpkgs": "nixpkgs_4",
        "zsh-autocomplete-src": "zsh-autocomplete-src"
      },
      "locked": {
        "dir": "zsh-autocomplete",
        "lastModified": 1617064317,
        "narHash": "sha256-xx/+AsVwgajvvdZV/Nj00Rtr2sbHZ9yrLt/Yv0HhGEs=",
        "owner": "NKJe",
        "repo": "nixscopy",
        "rev": "f3b1fc1a7732f0a34c2a1baa7c26ff939bbd36ce",
        "type": "github"
      },
      "original": {
        "dir": "zsh-autocomplete",
        "owner": "NKJe",
        "repo": "nixscopy",
        "type": "github"
      }
    },
    "zsh-autocomplete-src": {
      "flake": false,
      "locked": {
        "lastModified": 1616860463,
        "narHash": "sha256-oIa0QFyMLRjKkga5WlV8zsXB6S972ewYyydT6aLt57o=",
        "owner": "marlonrichert",
        "repo": "zsh-autocomplete",
        "rev": "fdc21c0bdf4be5ae5ddbfa5c781ddf07b73c4d0b",
        "type": "github"
      },
      "original": {
        "owner": "marlonrichert",
        "repo": "zsh-autocomplete",
        "type": "github"
      }
    }
  },
  "root": "root",
  "version": 7
}
