{
  "nodes": {
    "flake-compat": {
      "flake": false,
      "locked": {
        "lastModified": 1606424373,
        "narHash": "sha256-oq8d4//CJOrVj+EcOaSXvMebvuTkmBJuT5tzlfewUnQ=",
        "owner": "edolstra",
        "repo": "flake-compat",
        "rev": "99f1c2157fba4bfe6211a321fd0ee43199025dbf",
        "type": "github"
      },
      "original": {
        "owner": "edolstra",
        "repo": "flake-compat",
        "type": "github"
      }
    },
    "flake-utils": {
      "locked": {
        "lastModified": 1614513358,
        "narHash": "sha256-LakhOx3S1dRjnh0b5Dg3mbZyH0ToC9I8Y2wKSkBaTzU=",
        "owner": "numtide",
        "repo": "flake-utils",
        "rev": "5466c5bbece17adaab2d82fae80b46e807611bf3",
        "type": "github"
      },
      "original": {
        "owner": "numtide",
        "repo": "flake-utils",
        "type": "github"
      }
    },
    "flake-utils_2": {
      "locked": {
        "lastModified": 1614513358,
        "narHash": "sha256-LakhOx3S1dRjnh0b5Dg3mbZyH0ToC9I8Y2wKSkBaTzU=",
        "owner": "numtide",
        "repo": "flake-utils",
        "rev": "5466c5bbece17adaab2d82fae80b46e807611bf3",
        "type": "github"
      },
      "original": {
        "owner": "numtide",
        "repo": "flake-utils",
        "type": "github"
      }
    },
    "flake-utils_3": {
      "locked": {
        "lastModified": 1617631617,
        "narHash": "sha256-PARRCz55qN3gy07VJZIlFeOX420d0nGF0RzGI/9hVlw=",
        "owner": "numtide",
        "repo": "flake-utils",
        "rev": "b2c27d1a81b0dc266270fa8aeecebbd1807fc610",
        "type": "github"
      },
      "original": {
        "owner": "numtide",
        "repo": "flake-utils",
        "type": "github"
      }
    },
    "my-very-cool-background": {
      "inputs": {
        "flake-utils": "flake-utils",
        "nixpkgs": "nixpkgs"
      },
      "locked": {
        "dir": "my-very-cool-background",
        "lastModified": 1618788455,
        "narHash": "sha256-YYR7dZzrSsGOVqhNnlirPtT2ubu84pI56qCcuzBanBU=",
        "owner": "NKJe",
        "repo": "nixscopy",
        "rev": "af5ced86ad6739af6f7c3766bdcebe757f56fb83",
        "type": "github"
      },
      "original": {
        "dir": "my-very-cool-background",
        "owner": "NKJe",
        "repo": "nixscopy",
        "type": "github"
      }
    },
    "nixpkgs": {
      "locked": {
        "lastModified": 1617063239,
        "narHash": "sha256-OQancnNH1IOd4e45i8yE1B3Y0uKjeBQSBRaX+aHqCBM=",
        "owner": "NixOS",
        "repo": "nixpkgs",
        "rev": "b044cc3833b228eacbe4e64299856aa37893168e",
        "type": "github"
      },
      "original": {
        "id": "nixpkgs",
        "type": "indirect"
      }
    },
    "nixpkgs_2": {
      "locked": {
        "lastModified": 1618788329,
        "narHash": "sha256-alZ4bqHUmTOt8NqDPxnM95wS5VRSU/5ha8w8Lv07Ilg=",
        "owner": "NixOS",
        "repo": "nixpkgs",
        "rev": "347ddba6abe7f5651963ed1d36bb31c3309cf9a6",
        "type": "github"
      },
      "original": {
        "id": "nixpkgs",
        "type": "indirect"
      }
    },
    "nixpkgs_3": {
      "locked": {
        "lastModified": 1617063239,
        "narHash": "sha256-OQancnNH1IOd4e45i8yE1B3Y0uKjeBQSBRaX+aHqCBM=",
        "owner": "NixOS",
        "repo": "nixpkgs",
        "rev": "b044cc3833b228eacbe4e64299856aa37893168e",
        "type": "github"
      },
      "original": {
        "id": "nixpkgs",
        "type": "indirect"
      }
    },
    "nixpkgs_4": {
      "locked": {
        "lastModified": 1617721766,
        "narHash": "sha256-8nyvm/UIWnSxK9pdA7XmR6Y6MxSTfHkMVdWjbE141O8=",
        "owner": "NixOS",
        "repo": "nixpkgs",
        "rev": "873991697f8f6eeaa9d5bc80334eda4807c0e712",
        "type": "github"
      },
      "original": {
        "id": "nixpkgs",
        "type": "indirect"
      }
    },
    "root": {
      "inputs": {
        "flake-compat": "flake-compat",
        "my-very-cool-background": "my-very-cool-background",
        "nixpkgs": "nixpkgs_2",
        "sddm-sugar-candy": "sddm-sugar-candy",
        "zsh-autocomplete": "zsh-autocomplete"
      }
    },
    "sddm-sugar-candy": {
      "inputs": {
        "flake-utils": "flake-utils_2",
        "nixpkgs": "nixpkgs_3",
        "sddm-sugar-candy-src": "sddm-sugar-candy-src"
      },
      "locked": {
        "dir": "sddm-sugar-candy",
        "lastModified": 1618788455,
        "narHash": "sha256-YYR7dZzrSsGOVqhNnlirPtT2ubu84pI56qCcuzBanBU=",
        "owner": "NKJe",
        "repo": "nixscopy",
        "rev": "af5ced86ad6739af6f7c3766bdcebe757f56fb83",
        "type": "github"
      },
      "original": {
        "dir": "sddm-sugar-candy",
        "owner": "NKJe",
        "repo": "nixscopy",
        "type": "github"
      }
    },
    "sddm-sugar-candy-src": {
      "flake": false,
      "locked": {
        "narHash": "sha256-XggFVsEXLYklrfy1ElkIp9fkTw4wvXbyVkaVCZq4ZLU=",
        "type": "tarball",
        "url": "https://framagit.org/MarianArlt/sddm-sugar-candy/-/archive/2b72ef6c6f720fe0ffde5ea5c7c48152e02f6c4f/sddm-sugar-candy-2b72ef6c6f720fe0ffde5ea5c7c48152e02f6c4f.tar.gz"
      },
      "original": {
        "type": "tarball",
        "url": "https://framagit.org/MarianArlt/sddm-sugar-candy/-/archive/2b72ef6c6f720fe0ffde5ea5c7c48152e02f6c4f/sddm-sugar-candy-2b72ef6c6f720fe0ffde5ea5c7c48152e02f6c4f.tar.gz"
      }
    },
    "zsh-autocomplete": {
      "inputs": {
        "flake-utils": "flake-utils_3",
        "nixpkgs": "nixpkgs_4",
        "zsh-autocomplete-src": "zsh-autocomplete-src"
      },
      "locked": {
        "dir": "zsh-autocomplete",
        "lastModified": 1618788455,
        "narHash": "sha256-YYR7dZzrSsGOVqhNnlirPtT2ubu84pI56qCcuzBanBU=",
        "owner": "NKJe",
        "repo": "nixscopy",
        "rev": "af5ced86ad6739af6f7c3766bdcebe757f56fb83",
        "type": "github"
      },
      "original": {
        "dir": "zsh-autocomplete",
        "owner": "NKJe",
        "repo": "nixscopy",
        "type": "github"
      }
    },
    "zsh-autocomplete-src": {
      "flake": false,
      "locked": {
        "lastModified": 1616860463,
        "narHash": "sha256-oIa0QFyMLRjKkga5WlV8zsXB6S972ewYyydT6aLt57o=",
        "owner": "marlonrichert",
        "repo": "zsh-autocomplete",
        "rev": "fdc21c0bdf4be5ae5ddbfa5c781ddf07b73c4d0b",
        "type": "github"
      },
      "original": {
        "owner": "marlonrichert",
        "repo": "zsh-autocomplete",
        "type": "github"
      }
    }
  },
  "root": "root",
  "version": 7
}
